
Microsoft Visual Studio Solution File, Format Version 12.00
# Visual Studio 15
VisualStudioVersion = 15.0.28010.2046
MinimumVisualStudioVersion = 10.0.40219.1
Project("{2150E333-8FDC-42A3-9474-1A3956D46DE8}") = "src", "src", "{AB94B17C-13F9-4215-AE5E-F584D9C74979}"
EndProject
Project("{9A19103F-16F7-4668-BE54-9A1E7A4F7556}") = "TextToSpeech.Api", "src\TextToSpeech.Api\TextToSpeech.Api.csproj", "{8779376F-241A-446F-9E58-C69CD1578738}"
EndProject
Global
	GlobalSection(SolutionConfigurationPlatforms) = preSolution
		Debug|Any CPU = Debug|Any CPU
		Release|Any CPU = Release|Any CPU
	EndGlobalSection
	GlobalSection(ProjectConfigurationPlatforms) = postSolution
		{8779376F-241A-446F-9E58-C69CD1578738}.Debug|Any CPU.ActiveCfg = Debug|Any CPU
		{8779376F-241A-446F-9E58-C69CD1578738}.Debug|Any CPU.Build.0 = Debug|Any CPU
		{8779376F-241A-446F-9E58-C69CD1578738}.Release|Any CPU.ActiveCfg = Release|Any CPU
		{8779376F-241A-446F-9E58-C69CD1578738}.Release|Any CPU.Build.0 = Release|Any CPU
	EndGlobalSection
	GlobalSection(SolutionProperties) = preSolution
		HideSolutionNode = FALSE
	EndGlobalSection
	GlobalSection(NestedProjects) = preSolution
		{8779376F-241A-446F-9E58-C69CD1578738} = {AB94B17C-13F9-4215-AE5E-F584D9C74979}
	EndGlobalSection
	GlobalSection(ExtensibilityGlobals) = postSolution
		SolutionGuid = {37841A74-FBE7-4D3A-ADF3-A66A0C100883}
	EndGlobalSection
EndGlobal
